
Microsoft Visual Studio Solution File, Format Version 12.00
# Visual Studio Version 16
VisualStudioVersion = 16.0.30413.136
MinimumVisualStudioVersion = 10.0.40219.1
Project("{FAE04EC0-301F-11D3-BF4B-00C04F79EFBC}") = "SimpleClasses", "SimpleClasses.csproj", "{29F07FFF-44B7-4E86-918C-C6EC013B380E}"
EndProject
Global
	GlobalSection(SolutionConfigurationPlatforms) = preSolution
		Debug|Any CPU = Debug|Any CPU
		Release|Any CPU = Release|Any CPU
	EndGlobalSection
	GlobalSection(ProjectConfigurationPlatforms) = postSolution
		{29F07FFF-44B7-4E86-918C-C6EC013B380E}.Debug|Any CPU.ActiveCfg = Debug|Any CPU
		{29F07FFF-44B7-4E86-918C-C6EC013B380E}.Debug|Any CPU.Build.0 = Debug|Any CPU
		{29F07FFF-44B7-4E86-918C-C6EC013B380E}.Release|Any CPU.ActiveCfg = Release|Any CPU
		{29F07FFF-44B7-4E86-918C-C6EC013B380E}.Release|Any CPU.Build.0 = Release|Any CPU
	EndGlobalSection
	GlobalSection(SolutionProperties) = preSolution
		HideSolutionNode = FALSE
	EndGlobalSection
	GlobalSection(ExtensibilityGlobals) = postSolution
		SolutionGuid = {35E19817-EFA2-46B0-A66D-A00DB04FBD01}
	EndGlobalSection
EndGlobal
