
Microsoft Visual Studio Solution File, Format Version 12.00
# Visual Studio Version 16
VisualStudioVersion = 16.0.30413.136
MinimumVisualStudioVersion = 10.0.40219.1
Project("{FAE04EC0-301F-11D3-BF4B-00C04F79EFBC}") = "HelloWorldCS", "HelloWorldCS.csproj", "{F55B2CE5-6316-4F54-958D-88F3493F5D0C}"
EndProject
Global
	GlobalSection(SolutionConfigurationPlatforms) = preSolution
		Debug|Any CPU = Debug|Any CPU
		Release|Any CPU = Release|Any CPU
	EndGlobalSection
	GlobalSection(ProjectConfigurationPlatforms) = postSolution
		{F55B2CE5-6316-4F54-958D-88F3493F5D0C}.Debug|Any CPU.ActiveCfg = Debug|Any CPU
		{F55B2CE5-6316-4F54-958D-88F3493F5D0C}.Debug|Any CPU.Build.0 = Debug|Any CPU
		{F55B2CE5-6316-4F54-958D-88F3493F5D0C}.Release|Any CPU.ActiveCfg = Release|Any CPU
		{F55B2CE5-6316-4F54-958D-88F3493F5D0C}.Release|Any CPU.Build.0 = Release|Any CPU
	EndGlobalSection
	GlobalSection(SolutionProperties) = preSolution
		HideSolutionNode = FALSE
	EndGlobalSection
	GlobalSection(ExtensibilityGlobals) = postSolution
		SolutionGuid = {56F19AAE-78CD-41CE-A6E9-A3C8D9D29A13}
	EndGlobalSection
EndGlobal
